<Solution>
  <Folder Name="/src/">
    <Project Path="src/TopekaIT.Core/TopekaIT.Core.csproj" />
    <Project Path="src/TopekaIT.Infrastructure/TopekaIT.Infrastructure.csproj" />
    <Project Path="src/TopekaIT.Web/TopekaIT.Web.csproj" />
  </Folder>
  <Folder Name="/tests/">
    <Project Path="tests/TopekaIT.Core.Tests/TopekaIT.Core.Tests.csproj" />
  </Folder>
</Solution>
